
Microsoft Visual Studio Solution File, Format Version 12.00
# Visual Studio 2017
Project("{FAE04EC0-301F-11D3-BF4B-00C04F79EFBC}") = "Project4", "Project4.csproj", "{CFDF4514-9D6A-8427-39B3-41EA24F8B4F4}"
EndProject
Global
	GlobalSection(SolutionConfigurationPlatforms) = preSolution
		Debug|Any CPU = Debug|Any CPU
		Release|Any CPU = Release|Any CPU
	EndGlobalSection
	GlobalSection(ProjectConfigurationPlatforms) = postSolution
		{CFDF4514-9D6A-8427-39B3-41EA24F8B4F4}.Debug|Any CPU.ActiveCfg = Debug|Any CPU
		{CFDF4514-9D6A-8427-39B3-41EA24F8B4F4}.Debug|Any CPU.Build.0 = Debug|Any CPU
		{CFDF4514-9D6A-8427-39B3-41EA24F8B4F4}.Release|Any CPU.ActiveCfg = Release|Any CPU
		{CFDF4514-9D6A-8427-39B3-41EA24F8B4F4}.Release|Any CPU.Build.0 = Release|Any CPU
	EndGlobalSection
	GlobalSection(SolutionProperties) = preSolution
		HideSolutionNode = FALSE
	EndGlobalSection
EndGlobal
